// !$*UTF8*$!
{
	archiveVersion = 1;
	classes = {
	};
	objectVersion = 46;
	objects = {

/* Begin PBXBuildFile section */
		DAB49EDC13BCE51C00183C2C /* UIKit.framework in Frameworks */ = {isa = PBXBuildFile; fileRef = DAB49EDB13BCE51C00183C2C /* UIKit.framework */; };
		DAB49EDE13BCE51C00183C2C /* Foundation.framework in Frameworks */ = {isa = PBXBuildFile; fileRef = DAB49EDD13BCE51C00183C2C /* Foundation.framework */; };
		DAB49EE013BCE51C00183C2C /* CoreGraphics.framework in Frameworks */ = {isa = PBXBuildFile; fileRef = DAB49EDF13BCE51C00183C2C /* CoreGraphics.framework */; };
		DAB49EE613BCE51C00183C2C /* InfoPlist.strings in Resources */ = {isa = PBXBuildFile; fileRef = DAB49EE413BCE51C00183C2C /* InfoPlist.strings */; };
		DAB49EE913BCE51C00183C2C /* main.m in Sources */ = {isa = PBXBuildFile; fileRef = DAB49EE813BCE51C00183C2C /* main.m */; };
		DAB49EEC13BCE51C00183C2C /* PMSTableAppDelegate.m in Sources */ = {isa = PBXBuildFile; fileRef = DAB49EEB13BCE51C00183C2C /* PMSTableAppDelegate.m */; };
		DAB49EEF13BCE51C00183C2C /* MainWindow.xib in Resources */ = {isa = PBXBuildFile; fileRef = DAB49EED13BCE51C00183C2C /* MainWindow.xib */; };
		DAB49EF213BCE51C00183C2C /* PMSTableViewController.m in Sources */ = {isa = PBXBuildFile; fileRef = DAB49EF113BCE51C00183C2C /* PMSTableViewController.m */; };
		DAB49EF513BCE51C00183C2C /* PMSTableViewController.xib in Resources */ = {isa = PBXBuildFile; fileRef = DAB49EF313BCE51C00183C2C /* PMSTableViewController.xib */; };
		DAB49EFC13BCE51D00183C2C /* UIKit.framework in Frameworks */ = {isa = PBXBuildFile; fileRef = DAB49EDB13BCE51C00183C2C /* UIKit.framework */; };
		DAB49EFD13BCE51D00183C2C /* Foundation.framework in Frameworks */ = {isa = PBXBuildFile; fileRef = DAB49EDD13BCE51C00183C2C /* Foundation.framework */; };
		DAB49EFE13BCE51D00183C2C /* CoreGraphics.framework in Frameworks */ = {isa = PBXBuildFile; fileRef = DAB49EDF13BCE51C00183C2C /* CoreGraphics.framework */; };
		DAB49F0613BCE51D00183C2C /* InfoPlist.strings in Resources */ = {isa = PBXBuildFile; fileRef = DAB49F0413BCE51D00183C2C /* InfoPlist.strings */; };
		DAB49F0913BCE51D00183C2C /* PMSTableTests.h in Resources */ = {isa = PBXBuildFile; fileRef = DAB49F0813BCE51D00183C2C /* PMSTableTests.h */; };
		DAB49F0B13BCE51D00183C2C /* PMSTableTests.m in Sources */ = {isa = PBXBuildFile; fileRef = DAB49F0A13BCE51D00183C2C /* PMSTableTests.m */; };
		DAB49F1613BCE5C200183C2C /* PMSTableView.m in Sources */ = {isa = PBXBuildFile; fileRef = DAB49F1513BCE5C200183C2C /* PMSTableView.m */; };
/* End PBXBuildFile section */

/* Begin PBXContainerItemProxy section */
		DAB49EFF13BCE51D00183C2C /* PBXContainerItemProxy */ = {
			isa = PBXContainerItemProxy;
			containerPortal = DAB49ECE13BCE51C00183C2C /* Project object */;
			proxyType = 1;
			remoteGlobalIDString = DAB49ED613BCE51C00183C2C;
			remoteInfo = PMSTable;
		};
/* End PBXContainerItemProxy section */

/* Begin PBXFileReference section */
		DAB49ED713BCE51C00183C2C /* PMSTable.app */ = {isa = PBXFileReference; explicitFileType = wrapper.application; includeInIndex = 0; path = PMSTable.app; sourceTree = BUILT_PRODUCTS_DIR; };
		DAB49EDB13BCE51C00183C2C /* UIKit.framework */ = {isa = PBXFileReference; lastKnownFileType = wrapper.framework; name = UIKit.framework; path = System/Library/Frameworks/UIKit.framework; sourceTree = SDKROOT; };
		DAB49EDD13BCE51C00183C2C /* Foundation.framework */ = {isa = PBXFileReference; lastKnownFileType = wrapper.framework; name = Foundation.framework; path = System/Library/Frameworks/Foundation.framework; sourceTree = SDKROOT; };
		DAB49EDF13BCE51C00183C2C /* CoreGraphics.framework */ = {isa = PBXFileReference; lastKnownFileType = wrapper.framework; name = CoreGraphics.framework; path = System/Library/Frameworks/CoreGraphics.framework; sourceTree = SDKROOT; };
		DAB49EE313BCE51C00183C2C /* PMSTable-Info.plist */ = {isa = PBXFileReference; lastKnownFileType = text.plist.xml; path = "PMSTable-Info.plist"; sourceTree = "<group>"; };
		DAB49EE513BCE51C00183C2C /* en */ = {isa = PBXFileReference; lastKnownFileType = text.plist.strings; name = en; path = en.lproj/InfoPlist.strings; sourceTree = "<group>"; };
		DAB49EE713BCE51C00183C2C /* PMSTable-Prefix.pch */ = {isa = PBXFileReference; lastKnownFileType = sourcecode.c.h; path = "PMSTable-Prefix.pch"; sourceTree = "<group>"; };
		DAB49EE813BCE51C00183C2C /* main.m */ = {isa = PBXFileReference; lastKnownFileType = sourcecode.c.objc; path = main.m; sourceTree = "<group>"; };
		DAB49EEA13BCE51C00183C2C /* PMSTableAppDelegate.h */ = {isa = PBXFileReference; lastKnownFileType = sourcecode.c.h; path = PMSTableAppDelegate.h; sourceTree = "<group>"; };
		DAB49EEB13BCE51C00183C2C /* PMSTableAppDelegate.m */ = {isa = PBXFileReference; lastKnownFileType = sourcecode.c.objc; path = PMSTableAppDelegate.m; sourceTree = "<group>"; };
		DAB49EEE13BCE51C00183C2C /* en */ = {isa = PBXFileReference; lastKnownFileType = file.xib; name = en; path = en.lproj/MainWindow.xib; sourceTree = "<group>"; };
		DAB49EF013BCE51C00183C2C /* PMSTableViewController.h */ = {isa = PBXFileReference; lastKnownFileType = sourcecode.c.h; path = PMSTableViewController.h; sourceTree = "<group>"; };
		DAB49EF113BCE51C00183C2C /* PMSTableViewController.m */ = {isa = PBXFileReference; lastKnownFileType = sourcecode.c.objc; path = PMSTableViewController.m; sourceTree = "<group>"; };
		DAB49EF413BCE51C00183C2C /* en */ = {isa = PBXFileReference; lastKnownFileType = file.xib; name = en; path = en.lproj/PMSTableViewController.xib; sourceTree = "<group>"; };
		DAB49EFB13BCE51D00183C2C /* PMSTableTests.octest */ = {isa = PBXFileReference; explicitFileType = wrapper.cfbundle; includeInIndex = 0; path = PMSTableTests.octest; sourceTree = BUILT_PRODUCTS_DIR; };
		DAB49F0313BCE51D00183C2C /* PMSTableTests-Info.plist */ = {isa = PBXFileReference; lastKnownFileType = text.plist.xml; path = "PMSTableTests-Info.plist"; sourceTree = "<group>"; };
		DAB49F0513BCE51D00183C2C /* en */ = {isa = PBXFileReference; lastKnownFileType = text.plist.strings; name = en; path = en.lproj/InfoPlist.strings; sourceTree = "<group>"; };
		DAB49F0713BCE51D00183C2C /* PMSTableTests-Prefix.pch */ = {isa = PBXFileReference; lastKnownFileType = sourcecode.c.h; path = "PMSTableTests-Prefix.pch"; sourceTree = "<group>"; };
		DAB49F0813BCE51D00183C2C /* PMSTableTests.h */ = {isa = PBXFileReference; lastKnownFileType = sourcecode.c.h; path = PMSTableTests.h; sourceTree = "<group>"; };
		DAB49F0A13BCE51D00183C2C /* PMSTableTests.m */ = {isa = PBXFileReference; lastKnownFileType = sourcecode.c.objc; path = PMSTableTests.m; sourceTree = "<group>"; };
		DAB49F1413BCE5C200183C2C /* PMSTableView.h */ = {isa = PBXFileReference; fileEncoding = 4; lastKnownFileType = sourcecode.c.h; path = PMSTableView.h; sourceTree = "<group>"; };
		DAB49F1513BCE5C200183C2C /* PMSTableView.m */ = {isa = PBXFileReference; fileEncoding = 4; lastKnownFileType = sourcecode.c.objc; path = PMSTableView.m; sourceTree = "<group>"; };
		DAB49F1713BCE9A200183C2C /* PMSTableViewDelegate.h */ = {isa = PBXFileReference; fileEncoding = 4; lastKnownFileType = sourcecode.c.h; path = PMSTableViewDelegate.h; sourceTree = "<group>"; };
/* End PBXFileReference section */

/* Begin PBXFrameworksBuildPhase section */
		DAB49ED413BCE51C00183C2C /* Frameworks */ = {
			isa = PBXFrameworksBuildPhase;
			buildActionMask = 2147483647;
			files = (
				DAB49EDC13BCE51C00183C2C /* UIKit.framework in Frameworks */,
				DAB49EDE13BCE51C00183C2C /* Foundation.framework in Frameworks */,
				DAB49EE013BCE51C00183C2C /* CoreGraphics.framework in Frameworks */,
			);
			runOnlyForDeploymentPostprocessing = 0;
		};
		DAB49EF713BCE51D00183C2C /* Frameworks */ = {
			isa = PBXFrameworksBuildPhase;
			buildActionMask = 2147483647;
			files = (
				DAB49EFC13BCE51D00183C2C /* UIKit.framework in Frameworks */,
				DAB49EFD13BCE51D00183C2C /* Foundation.framework in Frameworks */,
				DAB49EFE13BCE51D00183C2C /* CoreGraphics.framework in Frameworks */,
			);
			runOnlyForDeploymentPostprocessing = 0;
		};
/* End PBXFrameworksBuildPhase section */

/* Begin PBXGroup section */
		DAB49ECC13BCE51C00183C2C = {
			isa = PBXGroup;
			children = (
				DAB49EE113BCE51C00183C2C /* PMSTable */,
				DAB49F0113BCE51D00183C2C /* PMSTableTests */,
				DAB49EDA13BCE51C00183C2C /* Frameworks */,
				DAB49ED813BCE51C00183C2C /* Products */,
			);
			sourceTree = "<group>";
		};
		DAB49ED813BCE51C00183C2C /* Products */ = {
			isa = PBXGroup;
			children = (
				DAB49ED713BCE51C00183C2C /* PMSTable.app */,
				DAB49EFB13BCE51D00183C2C /* PMSTableTests.octest */,
			);
			name = Products;
			sourceTree = "<group>";
		};
		DAB49EDA13BCE51C00183C2C /* Frameworks */ = {
			isa = PBXGroup;
			children = (
				DAB49EDB13BCE51C00183C2C /* UIKit.framework */,
				DAB49EDD13BCE51C00183C2C /* Foundation.framework */,
				DAB49EDF13BCE51C00183C2C /* CoreGraphics.framework */,
			);
			name = Frameworks;
			sourceTree = "<group>";
		};
		DAB49EE113BCE51C00183C2C /* PMSTable */ = {
			isa = PBXGroup;
			children = (
				DAB49EEA13BCE51C00183C2C /* PMSTableAppDelegate.h */,
				DAB49EEB13BCE51C00183C2C /* PMSTableAppDelegate.m */,
				DAB49EED13BCE51C00183C2C /* MainWindow.xib */,
				DAB49EF013BCE51C00183C2C /* PMSTableViewController.h */,
				DAB49EF113BCE51C00183C2C /* PMSTableViewController.m */,
				DAB49EF313BCE51C00183C2C /* PMSTableViewController.xib */,
				DAB49F1813BCE9D300183C2C /* PMSTableView */,
				DAB49EE213BCE51C00183C2C /* Supporting Files */,
			);
			path = PMSTable;
			sourceTree = "<group>";
		};
		DAB49EE213BCE51C00183C2C /* Supporting Files */ = {
			isa = PBXGroup;
			children = (
				DAB49EE313BCE51C00183C2C /* PMSTable-Info.plist */,
				DAB49EE413BCE51C00183C2C /* InfoPlist.strings */,
				DAB49EE713BCE51C00183C2C /* PMSTable-Prefix.pch */,
				DAB49EE813BCE51C00183C2C /* main.m */,
			);
			name = "Supporting Files";
			sourceTree = "<group>";
		};
		DAB49F0113BCE51D00183C2C /* PMSTableTests */ = {
			isa = PBXGroup;
			children = (
				DAB49F0813BCE51D00183C2C /* PMSTableTests.h */,
				DAB49F0A13BCE51D00183C2C /* PMSTableTests.m */,
				DAB49F0213BCE51D00183C2C /* Supporting Files */,
			);
			path = PMSTableTests;
			sourceTree = "<group>";
		};
		DAB49F0213BCE51D00183C2C /* Supporting Files */ = {
			isa = PBXGroup;
			children = (
				DAB49F0313BCE51D00183C2C /* PMSTableTests-Info.plist */,
				DAB49F0413BCE51D00183C2C /* InfoPlist.strings */,
				DAB49F0713BCE51D00183C2C /* PMSTableTests-Prefix.pch */,
			);
			name = "Supporting Files";
			sourceTree = "<group>";
		};
		DAB49F1813BCE9D300183C2C /* PMSTableView */ = {
			isa = PBXGroup;
			children = (
				DAB49F1413BCE5C200183C2C /* PMSTableView.h */,
				DAB49F1513BCE5C200183C2C /* PMSTableView.m */,
				DAB49F1713BCE9A200183C2C /* PMSTableViewDelegate.h */,
			);
			name = PMSTableView;
			sourceTree = "<group>";
		};
/* End PBXGroup section */

/* Begin PBXNativeTarget section */
		DAB49ED613BCE51C00183C2C /* PMSTable */ = {
			isa = PBXNativeTarget;
			buildConfigurationList = DAB49F0E13BCE51D00183C2C /* Build configuration list for PBXNativeTarget "PMSTable" */;
			buildPhases = (
				DAB49ED313BCE51C00183C2C /* Sources */,
				DAB49ED413BCE51C00183C2C /* Frameworks */,
				DAB49ED513BCE51C00183C2C /* Resources */,
			);
			buildRules = (
			);
			dependencies = (
			);
			name = PMSTable;
			productName = PMSTable;
			productReference = DAB49ED713BCE51C00183C2C /* PMSTable.app */;
			productType = "com.apple.product-type.application";
		};
		DAB49EFA13BCE51D00183C2C /* PMSTableTests */ = {
			isa = PBXNativeTarget;
			buildConfigurationList = DAB49F1113BCE51D00183C2C /* Build configuration list for PBXNativeTarget "PMSTableTests" */;
			buildPhases = (
				DAB49EF613BCE51D00183C2C /* Sources */,
				DAB49EF713BCE51D00183C2C /* Frameworks */,
				DAB49EF813BCE51D00183C2C /* Resources */,
				DAB49EF913BCE51D00183C2C /* ShellScript */,
			);
			buildRules = (
			);
			dependencies = (
				DAB49F0013BCE51D00183C2C /* PBXTargetDependency */,
			);
			name = PMSTableTests;
			productName = PMSTableTests;
			productReference = DAB49EFB13BCE51D00183C2C /* PMSTableTests.octest */;
			productType = "com.apple.product-type.bundle";
		};
/* End PBXNativeTarget section */

/* Begin PBXProject section */
		DAB49ECE13BCE51C00183C2C /* Project object */ = {
			isa = PBXProject;
			attributes = {
				ORGANIZATIONNAME = FSDEV;
			};
			buildConfigurationList = DAB49ED113BCE51C00183C2C /* Build configuration list for PBXProject "PMSTable" */;
			compatibilityVersion = "Xcode 3.2";
			developmentRegion = English;
			hasScannedForEncodings = 0;
			knownRegions = (
				en,
			);
			mainGroup = DAB49ECC13BCE51C00183C2C;
			productRefGroup = DAB49ED813BCE51C00183C2C /* Products */;
			projectDirPath = "";
			projectRoot = "";
			targets = (
				DAB49ED613BCE51C00183C2C /* PMSTable */,
				DAB49EFA13BCE51D00183C2C /* PMSTableTests */,
			);
		};
/* End PBXProject section */

/* Begin PBXResourcesBuildPhase section */
		DAB49ED513BCE51C00183C2C /* Resources */ = {
			isa = PBXResourcesBuildPhase;
			buildActionMask = 2147483647;
			files = (
				DAB49EE613BCE51C00183C2C /* InfoPlist.strings in Resources */,
				DAB49EEF13BCE51C00183C2C /* MainWindow.xib in Resources */,
				DAB49EF513BCE51C00183C2C /* PMSTableViewController.xib in Resources */,
			);
			runOnlyForDeploymentPostprocessing = 0;
		};
		DAB49EF813BCE51D00183C2C /* Resources */ = {
			isa = PBXResourcesBuildPhase;
			buildActionMask = 2147483647;
			files = (
				DAB49F0613BCE51D00183C2C /* InfoPlist.strings in Resources */,
				DAB49F0913BCE51D00183C2C /* PMSTableTests.h in Resources */,
			);
			runOnlyForDeploymentPostprocessing = 0;
		};
/* End PBXResourcesBuildPhase section */

/* Begin PBXShellScriptBuildPhase section */
		DAB49EF913BCE51D00183C2C /* ShellScript */ = {
			isa = PBXShellScriptBuildPhase;
			buildActionMask = 2147483647;
			files = (
			);
			inputPaths = (
			);
			outputPaths = (
			);
			runOnlyForDeploymentPostprocessing = 0;
			shellPath = /bin/sh;
			shellScript = "# Run the unit tests in this test bundle.\n\"${SYSTEM_DEVELOPER_DIR}/Tools/RunUnitTests\"\n";
		};
/* End PBXShellScriptBuildPhase section */

/* Begin PBXSourcesBuildPhase section */
		DAB49ED313BCE51C00183C2C /* Sources */ = {
			isa = PBXSourcesBuildPhase;
			buildActionMask = 2147483647;
			files = (
				DAB49EE913BCE51C00183C2C /* main.m in Sources */,
				DAB49EEC13BCE51C00183C2C /* PMSTableAppDelegate.m in Sources */,
				DAB49EF213BCE51C00183C2C /* PMSTableViewController.m in Sources */,
				DAB49F1613BCE5C200183C2C /* PMSTableView.m in Sources */,
			);
			runOnlyForDeploymentPostprocessing = 0;
		};
		DAB49EF613BCE51D00183C2C /* Sources */ = {
			isa = PBXSourcesBuildPhase;
			buildActionMask = 2147483647;
			files = (
				DAB49F0B13BCE51D00183C2C /* PMSTableTests.m in Sources */,
			);
			runOnlyForDeploymentPostprocessing = 0;
		};
/* End PBXSourcesBuildPhase section */

/* Begin PBXTargetDependency section */
		DAB49F0013BCE51D00183C2C /* PBXTargetDependency */ = {
			isa = PBXTargetDependency;
			target = DAB49ED613BCE51C00183C2C /* PMSTable */;
			targetProxy = DAB49EFF13BCE51D00183C2C /* PBXContainerItemProxy */;
		};
/* End PBXTargetDependency section */

/* Begin PBXVariantGroup section */
		DAB49EE413BCE51C00183C2C /* InfoPlist.strings */ = {
			isa = PBXVariantGroup;
			children = (
				DAB49EE513BCE51C00183C2C /* en */,
			);
			name = InfoPlist.strings;
			sourceTree = "<group>";
		};
		DAB49EED13BCE51C00183C2C /* MainWindow.xib */ = {
			isa = PBXVariantGroup;
			children = (
				DAB49EEE13BCE51C00183C2C /* en */,
			);
			name = MainWindow.xib;
			sourceTree = "<group>";
		};
		DAB49EF313BCE51C00183C2C /* PMSTableViewController.xib */ = {
			isa = PBXVariantGroup;
			children = (
				DAB49EF413BCE51C00183C2C /* en */,
			);
			name = PMSTableViewController.xib;
			sourceTree = "<group>";
		};
		DAB49F0413BCE51D00183C2C /* InfoPlist.strings */ = {
			isa = PBXVariantGroup;
			children = (
				DAB49F0513BCE51D00183C2C /* en */,
			);
			name = InfoPlist.strings;
			sourceTree = "<group>";
		};
/* End PBXVariantGroup section */

/* Begin XCBuildConfiguration section */
		DAB49F0C13BCE51D00183C2C /* Debug */ = {
			isa = XCBuildConfiguration;
			buildSettings = {
				ARCHS = "$(ARCHS_STANDARD_32_BIT)";
				"CODE_SIGN_IDENTITY[sdk=iphoneos*]" = "iPhone Developer";
				GCC_C_LANGUAGE_STANDARD = gnu99;
				GCC_OPTIMIZATION_LEVEL = 0;
				GCC_PREPROCESSOR_DEFINITIONS = DEBUG;
				GCC_SYMBOLS_PRIVATE_EXTERN = NO;
				GCC_VERSION = com.apple.compilers.llvmgcc42;
				GCC_WARN_ABOUT_RETURN_TYPE = YES;
				GCC_WARN_UNUSED_VARIABLE = YES;
				IPHONEOS_DEPLOYMENT_TARGET = 4.3;
				SDKROOT = iphoneos;
			};
			name = Debug;
		};
		DAB49F0D13BCE51D00183C2C /* Release */ = {
			isa = XCBuildConfiguration;
			buildSettings = {
				ARCHS = "$(ARCHS_STANDARD_32_BIT)";
				"CODE_SIGN_IDENTITY[sdk=iphoneos*]" = "iPhone Developer";
				GCC_C_LANGUAGE_STANDARD = gnu99;
				GCC_VERSION = com.apple.compilers.llvmgcc42;
				GCC_WARN_ABOUT_RETURN_TYPE = YES;
				GCC_WARN_UNUSED_VARIABLE = YES;
				IPHONEOS_DEPLOYMENT_TARGET = 4.3;
				OTHER_CFLAGS = "-DNS_BLOCK_ASSERTIONS=1";
				SDKROOT = iphoneos;
			};
			name = Release;
		};
		DAB49F0F13BCE51D00183C2C /* Debug */ = {
			isa = XCBuildConfiguration;
			buildSettings = {
				ALWAYS_SEARCH_USER_PATHS = NO;
				COPY_PHASE_STRIP = NO;
				GCC_DYNAMIC_NO_PIC = NO;
				GCC_PRECOMPILE_PREFIX_HEADER = YES;
				GCC_PREFIX_HEADER = "PMSTable/PMSTable-Prefix.pch";
				INFOPLIST_FILE = "PMSTable/PMSTable-Info.plist";
				PRODUCT_NAME = "$(TARGET_NAME)";
				WRAPPER_EXTENSION = app;
			};
			name = Debug;
		};
		DAB49F1013BCE51D00183C2C /* Release */ = {
			isa = XCBuildConfiguration;
			buildSettings = {
				ALWAYS_SEARCH_USER_PATHS = NO;
				COPY_PHASE_STRIP = YES;
				GCC_PRECOMPILE_PREFIX_HEADER = YES;
				GCC_PREFIX_HEADER = "PMSTable/PMSTable-Prefix.pch";
				INFOPLIST_FILE = "PMSTable/PMSTable-Info.plist";
				PRODUCT_NAME = "$(TARGET_NAME)";
				VALIDATE_PRODUCT = YES;
				WRAPPER_EXTENSION = app;
			};
			name = Release;
		};
		DAB49F1213BCE51D00183C2C /* Debug */ = {
			isa = XCBuildConfiguration;
			buildSettings = {
				ALWAYS_SEARCH_USER_PATHS = NO;
				BUNDLE_LOADER = "$(BUILT_PRODUCTS_DIR)/PMSTable.app/PMSTable";
				FRAMEWORK_SEARCH_PATHS = (
					"$(SDKROOT)/Developer/Library/Frameworks",
					"$(DEVELOPER_LIBRARY_DIR)/Frameworks",
				);
				GCC_PRECOMPILE_PREFIX_HEADER = YES;
				GCC_PREFIX_HEADER = "PMSTableTests/PMSTableTests-Prefix.pch";
				INFOPLIST_FILE = "PMSTableTests/PMSTableTests-Info.plist";
				OTHER_LDFLAGS = (
					"-framework",
					SenTestingKit,
				);
				PRODUCT_NAME = "$(TARGET_NAME)";
				TEST_HOST = "$(BUNDLE_LOADER)";
				WRAPPER_EXTENSION = octest;
			};
			name = Debug;
		};
		DAB49F1313BCE51D00183C2C /* Release */ = {
			isa = XCBuildConfiguration;
			buildSettings = {
				ALWAYS_SEARCH_USER_PATHS = NO;
				BUNDLE_LOADER = "$(BUILT_PRODUCTS_DIR)/PMSTable.app/PMSTable";
				FRAMEWORK_SEARCH_PATHS = (
					"$(SDKROOT)/Developer/Library/Frameworks",
					"$(DEVELOPER_LIBRARY_DIR)/Frameworks",
				);
				GCC_PRECOMPILE_PREFIX_HEADER = YES;
				GCC_PREFIX_HEADER = "PMSTableTests/PMSTableTests-Prefix.pch";
				INFOPLIST_FILE = "PMSTableTests/PMSTableTests-Info.plist";
				OTHER_LDFLAGS = (
					"-framework",
					SenTestingKit,
				);
				PRODUCT_NAME = "$(TARGET_NAME)";
				TEST_HOST = "$(BUNDLE_LOADER)";
				WRAPPER_EXTENSION = octest;
			};
			name = Release;
		};
/* End XCBuildConfiguration section */

/* Begin XCConfigurationList section */
		DAB49ED113BCE51C00183C2C /* Build configuration list for PBXProject "PMSTable" */ = {
			isa = XCConfigurationList;
			buildConfigurations = (
				DAB49F0C13BCE51D00183C2C /* Debug */,
				DAB49F0D13BCE51D00183C2C /* Release */,
			);
			defaultConfigurationIsVisible = 0;
			defaultConfigurationName = Release;
		};
		DAB49F0E13BCE51D00183C2C /* Build configuration list for PBXNativeTarget "PMSTable" */ = {
			isa = XCConfigurationList;
			buildConfigurations = (
				DAB49F0F13BCE51D00183C2C /* Debug */,
				DAB49F1013BCE51D00183C2C /* Release */,
			);
			defaultConfigurationIsVisible = 0;
		};
		DAB49F1113BCE51D00183C2C /* Build configuration list for PBXNativeTarget "PMSTableTests" */ = {
			isa = XCConfigurationList;
			buildConfigurations = (
				DAB49F1213BCE51D00183C2C /* Debug */,
				DAB49F1313BCE51D00183C2C /* Release */,
			);
			defaultConfigurationIsVisible = 0;
		};
/* End XCConfigurationList section */
	};
	rootObject = DAB49ECE13BCE51C00183C2C /* Project object */;
}
